
Microsoft Visual Studio Solution File, Format Version 12.00
# Visual Studio 15
VisualStudioVersion = 15.0.27130.2020
MinimumVisualStudioVersion = 10.0.40219.1
Project("{FAE04EC0-301F-11D3-BF4B-00C04F79EFBC}") = "WinBetha", "WinBetha\WinBetha.csproj", "{69D90B49-BA92-4379-9472-0D16AAAB3606}"
EndProject
Global
	GlobalSection(SolutionConfigurationPlatforms) = preSolution
		Debug|Any CPU = Debug|Any CPU
		Release|Any CPU = Release|Any CPU
	EndGlobalSection
	GlobalSection(ProjectConfigurationPlatforms) = postSolution
		{69D90B49-BA92-4379-9472-0D16AAAB3606}.Debug|Any CPU.ActiveCfg = Debug|Any CPU
		{69D90B49-BA92-4379-9472-0D16AAAB3606}.Debug|Any CPU.Build.0 = Debug|Any CPU
		{69D90B49-BA92-4379-9472-0D16AAAB3606}.Release|Any CPU.ActiveCfg = Release|Any CPU
		{69D90B49-BA92-4379-9472-0D16AAAB3606}.Release|Any CPU.Build.0 = Release|Any CPU
	EndGlobalSection
	GlobalSection(SolutionProperties) = preSolution
		HideSolutionNode = FALSE
	EndGlobalSection
	GlobalSection(ExtensibilityGlobals) = postSolution
		SolutionGuid = {50262BB1-9715-4B29-8818-1DB55799E34F}
	EndGlobalSection
EndGlobal
